# This file is automatically @generated by Cargo.
# It is not intended for manual editing.
version = 4

[[package]]
name = "ghost-issuer"
version = "0.1.0"

[[package]]
name = "ghost-relay-api"
version = "0.1.0"

[[package]]
name = "ghost-relay-capability"
version = "0.1.0"

[[package]]
name = "ghost-relay-gossip"
version = "0.1.0"

[[package]]
name = "ghost-relay-prune"
version = "0.1.0"

[[package]]
name = "ghost-relay-storage"
version = "0.1.0"

[[package]]
name = "ghost-relay-transport"
version = "0.1.0"
